// !$*UTF8*$!
{
	archiveVersion = 1;
	classes = {
	};
	objectVersion = 46;
	objects = {

/* Begin PBXBuildFile section */
		AB58E6F71EF1434D0005A046 /* main.m in Sources */ = {isa = PBXBuildFile; fileRef = AB58E6F61EF1434D0005A046 /* main.m */; };
		AB58E6FA1EF1434D0005A046 /* AppDelegate.m in Sources */ = {isa = PBXBuildFile; fileRef = AB58E6F91EF1434D0005A046 /* AppDelegate.m */; };
		AB58E6FD1EF1434D0005A046 /* ViewController.m in Sources */ = {isa = PBXBuildFile; fileRef = AB58E6FC1EF1434D0005A046 /* ViewController.m */; };
		AB58E7001EF1434D0005A046 /* Main.storyboard in Resources */ = {isa = PBXBuildFile; fileRef = AB58E6FE1EF1434D0005A046 /* Main.storyboard */; };
		AB58E7021EF1434D0005A046 /* Assets.xcassets in Resources */ = {isa = PBXBuildFile; fileRef = AB58E7011EF1434D0005A046 /* Assets.xcassets */; };
		AB58E7051EF1434D0005A046 /* LaunchScreen.storyboard in Resources */ = {isa = PBXBuildFile; fileRef = AB58E7031EF1434D0005A046 /* LaunchScreen.storyboard */; };
		AB9A91B21EF14E01001A3C90 /* SayHello.m in Sources */ = {isa = PBXBuildFile; fileRef = AB9A91B11EF14E01001A3C90 /* SayHello.m */; };
/* End PBXBuildFile section */

/* Begin PBXFileReference section */
		AB58E6F21EF1434D0005A046 /* MAFoundationDemo.app */ = {isa = PBXFileReference; explicitFileType = wrapper.application; includeInIndex = 0; path = MAFoundationDemo.app; sourceTree = BUILT_PRODUCTS_DIR; };
		AB58E6F61EF1434D0005A046 /* main.m */ = {isa = PBXFileReference; lastKnownFileType = sourcecode.c.objc; path = main.m; sourceTree = "<group>"; };
		AB58E6F81EF1434D0005A046 /* AppDelegate.h */ = {isa = PBXFileReference; lastKnownFileType = sourcecode.c.h; path = AppDelegate.h; sourceTree = "<group>"; };
		AB58E6F91EF1434D0005A046 /* AppDelegate.m */ = {isa = PBXFileReference; lastKnownFileType = sourcecode.c.objc; path = AppDelegate.m; sourceTree = "<group>"; };
		AB58E6FB1EF1434D0005A046 /* ViewController.h */ = {isa = PBXFileReference; lastKnownFileType = sourcecode.c.h; path = ViewController.h; sourceTree = "<group>"; };
		AB58E6FC1EF1434D0005A046 /* ViewController.m */ = {isa = PBXFileReference; lastKnownFileType = sourcecode.c.objc; path = ViewController.m; sourceTree = "<group>"; };
		AB58E6FF1EF1434D0005A046 /* Base */ = {isa = PBXFileReference; lastKnownFileType = file.storyboard; name = Base; path = Base.lproj/Main.storyboard; sourceTree = "<group>"; };
		AB58E7011EF1434D0005A046 /* Assets.xcassets */ = {isa = PBXFileReference; lastKnownFileType = folder.assetcatalog; path = Assets.xcassets; sourceTree = "<group>"; };
		AB58E7041EF1434D0005A046 /* Base */ = {isa = PBXFileReference; lastKnownFileType = file.storyboard; name = Base; path = Base.lproj/LaunchScreen.storyboard; sourceTree = "<group>"; };
		AB58E7061EF1434D0005A046 /* Info.plist */ = {isa = PBXFileReference; lastKnownFileType = text.plist.xml; path = Info.plist; sourceTree = "<group>"; };
		AB9A91B01EF14E01001A3C90 /* SayHello.h */ = {isa = PBXFileReference; fileEncoding = 4; lastKnownFileType = sourcecode.c.h; path = SayHello.h; sourceTree = "<group>"; };
		AB9A91B11EF14E01001A3C90 /* SayHello.m */ = {isa = PBXFileReference; fileEncoding = 4; lastKnownFileType = sourcecode.c.objc; path = SayHello.m; sourceTree = "<group>"; };
/* End PBXFileReference section */

/* Begin PBXFrameworksBuildPhase section */
		AB58E6EF1EF1434D0005A046 /* Frameworks */ = {
			isa = PBXFrameworksBuildPhase;
			buildActionMask = 2147483647;
			files = (
			);
			runOnlyForDeploymentPostprocessing = 0;
		};
/* End PBXFrameworksBuildPhase section */

/* Begin PBXGroup section */
		AB58E6E91EF1434D0005A046 = {
			isa = PBXGroup;
			children = (
				AB9A91AF1EF14E01001A3C90 /* MAFoundation */,
				AB58E6F41EF1434D0005A046 /* MAFoundationDemo */,
				AB58E6F31EF1434D0005A046 /* Products */,
			);
			sourceTree = "<group>";
		};
		AB58E6F31EF1434D0005A046 /* Products */ = {
			isa = PBXGroup;
			children = (
				AB58E6F21EF1434D0005A046 /* MAFoundationDemo.app */,
			);
			name = Products;
			sourceTree = "<group>";
		};
		AB58E6F41EF1434D0005A046 /* MAFoundationDemo */ = {
			isa = PBXGroup;
			children = (
				AB58E6F81EF1434D0005A046 /* AppDelegate.h */,
				AB58E6F91EF1434D0005A046 /* AppDelegate.m */,
				AB58E6FB1EF1434D0005A046 /* ViewController.h */,
				AB58E6FC1EF1434D0005A046 /* ViewController.m */,
				AB58E6FE1EF1434D0005A046 /* Main.storyboard */,
				AB58E7011EF1434D0005A046 /* Assets.xcassets */,
				AB58E7031EF1434D0005A046 /* LaunchScreen.storyboard */,
				AB58E7061EF1434D0005A046 /* Info.plist */,
				AB58E6F51EF1434D0005A046 /* Supporting Files */,
			);
			path = MAFoundationDemo;
			sourceTree = "<group>";
		};
		AB58E6F51EF1434D0005A046 /* Supporting Files */ = {
			isa = PBXGroup;
			children = (
				AB58E6F61EF1434D0005A046 /* main.m */,
			);
			name = "Supporting Files";
			sourceTree = "<group>";
		};
		AB9A91AF1EF14E01001A3C90 /* MAFoundation */ = {
			isa = PBXGroup;
			children = (
				AB9A91B01EF14E01001A3C90 /* SayHello.h */,
				AB9A91B11EF14E01001A3C90 /* SayHello.m */,
			);
			name = MAFoundation;
			path = ../MAFoundation;
			sourceTree = "<group>";
		};
/* End PBXGroup section */

/* Begin PBXNativeTarget section */
		AB58E6F11EF1434D0005A046 /* MAFoundationDemo */ = {
			isa = PBXNativeTarget;
			buildConfigurationList = AB58E7091EF1434D0005A046 /* Build configuration list for PBXNativeTarget "MAFoundationDemo" */;
			buildPhases = (
				AB58E6EE1EF1434D0005A046 /* Sources */,
				AB58E6EF1EF1434D0005A046 /* Frameworks */,
				AB58E6F01EF1434D0005A046 /* Resources */,
			);
			buildRules = (
			);
			dependencies = (
			);
			name = MAFoundationDemo;
			productName = MAFoundationDemo;
			productReference = AB58E6F21EF1434D0005A046 /* MAFoundationDemo.app */;
			productType = "com.apple.product-type.application";
		};
/* End PBXNativeTarget section */

/* Begin PBXProject section */
		AB58E6EA1EF1434D0005A046 /* Project object */ = {
			isa = PBXProject;
			attributes = {
				LastUpgradeCheck = 0830;
				ORGANIZATIONNAME = mengai;
				TargetAttributes = {
					AB58E6F11EF1434D0005A046 = {
						CreatedOnToolsVersion = 8.3;
						ProvisioningStyle = Automatic;
					};
				};
			};
			buildConfigurationList = AB58E6ED1EF1434D0005A046 /* Build configuration list for PBXProject "MAFoundationDemo" */;
			compatibilityVersion = "Xcode 3.2";
			developmentRegion = English;
			hasScannedForEncodings = 0;
			knownRegions = (
				en,
				Base,
			);
			mainGroup = AB58E6E91EF1434D0005A046;
			productRefGroup = AB58E6F31EF1434D0005A046 /* Products */;
			projectDirPath = "";
			projectRoot = "";
			targets = (
				AB58E6F11EF1434D0005A046 /* MAFoundationDemo */,
			);
		};
/* End PBXProject section */

/* Begin PBXResourcesBuildPhase section */
		AB58E6F01EF1434D0005A046 /* Resources */ = {
			isa = PBXResourcesBuildPhase;
			buildActionMask = 2147483647;
			files = (
				AB58E7051EF1434D0005A046 /* LaunchScreen.storyboard in Resources */,
				AB58E7021EF1434D0005A046 /* Assets.xcassets in Resources */,
				AB58E7001EF1434D0005A046 /* Main.storyboard in Resources */,
			);
			runOnlyForDeploymentPostprocessing = 0;
		};
/* End PBXResourcesBuildPhase section */

/* Begin PBXSourcesBuildPhase section */
		AB58E6EE1EF1434D0005A046 /* Sources */ = {
			isa = PBXSourcesBuildPhase;
			buildActionMask = 2147483647;
			files = (
				AB58E6FD1EF1434D0005A046 /* ViewController.m in Sources */,
				AB58E6FA1EF1434D0005A046 /* AppDelegate.m in Sources */,
				AB9A91B21EF14E01001A3C90 /* SayHello.m in Sources */,
				AB58E6F71EF1434D0005A046 /* main.m in Sources */,
			);
			runOnlyForDeploymentPostprocessing = 0;
		};
/* End PBXSourcesBuildPhase section */

/* Begin PBXVariantGroup section */
		AB58E6FE1EF1434D0005A046 /* Main.storyboard */ = {
			isa = PBXVariantGroup;
			children = (
				AB58E6FF1EF1434D0005A046 /* Base */,
			);
			name = Main.storyboard;
			sourceTree = "<group>";
		};
		AB58E7031EF1434D0005A046 /* LaunchScreen.storyboard */ = {
			isa = PBXVariantGroup;
			children = (
				AB58E7041EF1434D0005A046 /* Base */,
			);
			name = LaunchScreen.storyboard;
			sourceTree = "<group>";
		};
/* End PBXVariantGroup section */

/* Begin XCBuildConfiguration section */
		AB58E7071EF1434D0005A046 /* Debug */ = {
			isa = XCBuildConfiguration;
			buildSettings = {
				ALWAYS_SEARCH_USER_PATHS = NO;
				CLANG_ANALYZER_NONNULL = YES;
				CLANG_ANALYZER_NUMBER_OBJECT_CONVERSION = YES_AGGRESSIVE;
				CLANG_CXX_LANGUAGE_STANDARD = "gnu++0x";
				CLANG_CXX_LIBRARY = "libc++";
				CLANG_ENABLE_MODULES = YES;
				CLANG_ENABLE_OBJC_ARC = YES;
				CLANG_WARN_BOOL_CONVERSION = YES;
				CLANG_WARN_CONSTANT_CONVERSION = YES;
				CLANG_WARN_DIRECT_OBJC_ISA_USAGE = YES_ERROR;
				CLANG_WARN_DOCUMENTATION_COMMENTS = YES;
				CLANG_WARN_EMPTY_BODY = YES;
				CLANG_WARN_ENUM_CONVERSION = YES;
				CLANG_WARN_INFINITE_RECURSION = YES;
				CLANG_WARN_INT_CONVERSION = YES;
				CLANG_WARN_OBJC_ROOT_CLASS = YES_ERROR;
				CLANG_WARN_SUSPICIOUS_MOVE = YES;
				CLANG_WARN_UNREACHABLE_CODE = YES;
				CLANG_WARN__DUPLICATE_METHOD_MATCH = YES;
				"CODE_SIGN_IDENTITY[sdk=iphoneos*]" = "iPhone Developer";
				COPY_PHASE_STRIP = NO;
				DEBUG_INFORMATION_FORMAT = dwarf;
				ENABLE_STRICT_OBJC_MSGSEND = YES;
				ENABLE_TESTABILITY = YES;
				GCC_C_LANGUAGE_STANDARD = gnu99;
				GCC_DYNAMIC_NO_PIC = NO;
				GCC_NO_COMMON_BLOCKS = YES;
				GCC_OPTIMIZATION_LEVEL = 0;
				GCC_PREPROCESSOR_DEFINITIONS = (
					"DEBUG=1",
					"$(inherited)",
				);
				GCC_WARN_64_TO_32_BIT_CONVERSION = YES;
				GCC_WARN_ABOUT_RETURN_TYPE = YES_ERROR;
				GCC_WARN_UNDECLARED_SELECTOR = YES;
				GCC_WARN_UNINITIALIZED_AUTOS = YES_AGGRESSIVE;
				GCC_WARN_UNUSED_FUNCTION = YES;
				GCC_WARN_UNUSED_VARIABLE = YES;
				IPHONEOS_DEPLOYMENT_TARGET = 10.3;
				MTL_ENABLE_DEBUG_INFO = YES;
				ONLY_ACTIVE_ARCH = YES;
				SDKROOT = iphoneos;
			};
			name = Debug;
		};
		AB58E7081EF1434D0005A046 /* Release */ = {
			isa = XCBuildConfiguration;
			buildSettings = {
				ALWAYS_SEARCH_USER_PATHS = NO;
				CLANG_ANALYZER_NONNULL = YES;
				CLANG_ANALYZER_NUMBER_OBJECT_CONVERSION = YES_AGGRESSIVE;
				CLANG_CXX_LANGUAGE_STANDARD = "gnu++0x";
				CLANG_CXX_LIBRARY = "libc++";
				CLANG_ENABLE_MODULES = YES;
				CLANG_ENABLE_OBJC_ARC = YES;
				CLANG_WARN_BOOL_CONVERSION = YES;
				CLANG_WARN_CONSTANT_CONVERSION = YES;
				CLANG_WARN_DIRECT_OBJC_ISA_USAGE = YES_ERROR;
				CLANG_WARN_DOCUMENTATION_COMMENTS = YES;
				CLANG_WARN_EMPTY_BODY = YES;
				CLANG_WARN_ENUM_CONVERSION = YES;
				CLANG_WARN_INFINITE_RECURSION = YES;
				CLANG_WARN_INT_CONVERSION = YES;
				CLANG_WARN_OBJC_ROOT_CLASS = YES_ERROR;
				CLANG_WARN_SUSPICIOUS_MOVE = YES;
				CLANG_WARN_UNREACHABLE_CODE = YES;
				CLANG_WARN__DUPLICATE_METHOD_MATCH = YES;
				"CODE_SIGN_IDENTITY[sdk=iphoneos*]" = "iPhone Developer";
				COPY_PHASE_STRIP = NO;
				DEBUG_INFORMATION_FORMAT = "dwarf-with-dsym";
				ENABLE_NS_ASSERTIONS = NO;
				ENABLE_STRICT_OBJC_MSGSEND = YES;
				GCC_C_LANGUAGE_STANDARD = gnu99;
				GCC_NO_COMMON_BLOCKS = YES;
				GCC_WARN_64_TO_32_BIT_CONVERSION = YES;
				GCC_WARN_ABOUT_RETURN_TYPE = YES_ERROR;
				GCC_WARN_UNDECLARED_SELECTOR = YES;
				GCC_WARN_UNINITIALIZED_AUTOS = YES_AGGRESSIVE;
				GCC_WARN_UNUSED_FUNCTION = YES;
				GCC_WARN_UNUSED_VARIABLE = YES;
				IPHONEOS_DEPLOYMENT_TARGET = 10.3;
				MTL_ENABLE_DEBUG_INFO = NO;
				SDKROOT = iphoneos;
				VALIDATE_PRODUCT = YES;
			};
			name = Release;
		};
		AB58E70A1EF1434D0005A046 /* Debug */ = {
			isa = XCBuildConfiguration;
			buildSettings = {
				ASSETCATALOG_COMPILER_APPICON_NAME = AppIcon;
				INFOPLIST_FILE = MAFoundationDemo/Info.plist;
				LD_RUNPATH_SEARCH_PATHS = "$(inherited) @executable_path/Frameworks";
				PRODUCT_BUNDLE_IDENTIFIER = "-.MAFoundationDemo";
				PRODUCT_NAME = "$(TARGET_NAME)";
			};
			name = Debug;
		};
		AB58E70B1EF1434D0005A046 /* Release */ = {
			isa = XCBuildConfiguration;
			buildSettings = {
				ASSETCATALOG_COMPILER_APPICON_NAME = AppIcon;
				INFOPLIST_FILE = MAFoundationDemo/Info.plist;
				LD_RUNPATH_SEARCH_PATHS = "$(inherited) @executable_path/Frameworks";
				PRODUCT_BUNDLE_IDENTIFIER = "-.MAFoundationDemo";
				PRODUCT_NAME = "$(TARGET_NAME)";
			};
			name = Release;
		};
/* End XCBuildConfiguration section */

/* Begin XCConfigurationList section */
		AB58E6ED1EF1434D0005A046 /* Build configuration list for PBXProject "MAFoundationDemo" */ = {
			isa = XCConfigurationList;
			buildConfigurations = (
				AB58E7071EF1434D0005A046 /* Debug */,
				AB58E7081EF1434D0005A046 /* Release */,
			);
			defaultConfigurationIsVisible = 0;
			defaultConfigurationName = Release;
		};
		AB58E7091EF1434D0005A046 /* Build configuration list for PBXNativeTarget "MAFoundationDemo" */ = {
			isa = XCConfigurationList;
			buildConfigurations = (
				AB58E70A1EF1434D0005A046 /* Debug */,
				AB58E70B1EF1434D0005A046 /* Release */,
			);
			defaultConfigurationIsVisible = 0;
			defaultConfigurationName = Release;
		};
/* End XCConfigurationList section */
	};
	rootObject = AB58E6EA1EF1434D0005A046 /* Project object */;
}
